
Microsoft Visual Studio Solution File, Format Version 12.00
# Visual Studio Version 16
VisualStudioVersion = 16.0.32126.315
MinimumVisualStudioVersion = 10.0.40219.1
Project("{FAE04EC0-301F-11D3-BF4B-00C04F79EFBC}") = "SyncDelegateReview", "SyncDelegateReview\SyncDelegateReview.csproj", "{E66C1C95-6A12-4E38-84E3-5729368A041A}"
EndProject
Project("{FAE04EC0-301F-11D3-BF4B-00C04F79EFBC}") = "AsyncDelegate", "AsyncDelegate\AsyncDelegate.csproj", "{C7A96DD2-434C-4994-833F-D911300A307B}"
EndProject
Project("{FAE04EC0-301F-11D3-BF4B-00C04F79EFBC}") = "ThreadStats", "ThreadStats\ThreadStats.csproj", "{2E681161-FD9A-4DCC-B545-BEADD4484A4D}"
EndProject
Project("{FAE04EC0-301F-11D3-BF4B-00C04F79EFBC}") = "SimpleMultiThreadApp", "SimpleMultiThreadApp\SimpleMultiThreadApp.csproj", "{63CFBC5A-8BD6-48D6-838D-3C98A93A08D2}"
EndProject
Project("{FAE04EC0-301F-11D3-BF4B-00C04F79EFBC}") = "AddWithThreads", "AddWithThreads\AddWithThreads.csproj", "{5F73CF8B-0373-4EEF-BA0E-488AA5699F86}"
EndProject
Global
	GlobalSection(SolutionConfigurationPlatforms) = preSolution
		Debug|Any CPU = Debug|Any CPU
		Release|Any CPU = Release|Any CPU
	EndGlobalSection
	GlobalSection(ProjectConfigurationPlatforms) = postSolution
		{E66C1C95-6A12-4E38-84E3-5729368A041A}.Debug|Any CPU.ActiveCfg = Debug|Any CPU
		{E66C1C95-6A12-4E38-84E3-5729368A041A}.Debug|Any CPU.Build.0 = Debug|Any CPU
		{E66C1C95-6A12-4E38-84E3-5729368A041A}.Release|Any CPU.ActiveCfg = Release|Any CPU
		{E66C1C95-6A12-4E38-84E3-5729368A041A}.Release|Any CPU.Build.0 = Release|Any CPU
		{C7A96DD2-434C-4994-833F-D911300A307B}.Debug|Any CPU.ActiveCfg = Debug|Any CPU
		{C7A96DD2-434C-4994-833F-D911300A307B}.Debug|Any CPU.Build.0 = Debug|Any CPU
		{C7A96DD2-434C-4994-833F-D911300A307B}.Release|Any CPU.ActiveCfg = Release|Any CPU
		{C7A96DD2-434C-4994-833F-D911300A307B}.Release|Any CPU.Build.0 = Release|Any CPU
		{2E681161-FD9A-4DCC-B545-BEADD4484A4D}.Debug|Any CPU.ActiveCfg = Debug|Any CPU
		{2E681161-FD9A-4DCC-B545-BEADD4484A4D}.Debug|Any CPU.Build.0 = Debug|Any CPU
		{2E681161-FD9A-4DCC-B545-BEADD4484A4D}.Release|Any CPU.ActiveCfg = Release|Any CPU
		{2E681161-FD9A-4DCC-B545-BEADD4484A4D}.Release|Any CPU.Build.0 = Release|Any CPU
		{63CFBC5A-8BD6-48D6-838D-3C98A93A08D2}.Debug|Any CPU.ActiveCfg = Debug|Any CPU
		{63CFBC5A-8BD6-48D6-838D-3C98A93A08D2}.Debug|Any CPU.Build.0 = Debug|Any CPU
		{63CFBC5A-8BD6-48D6-838D-3C98A93A08D2}.Release|Any CPU.ActiveCfg = Release|Any CPU
		{63CFBC5A-8BD6-48D6-838D-3C98A93A08D2}.Release|Any CPU.Build.0 = Release|Any CPU
		{5F73CF8B-0373-4EEF-BA0E-488AA5699F86}.Debug|Any CPU.ActiveCfg = Debug|Any CPU
		{5F73CF8B-0373-4EEF-BA0E-488AA5699F86}.Debug|Any CPU.Build.0 = Debug|Any CPU
		{5F73CF8B-0373-4EEF-BA0E-488AA5699F86}.Release|Any CPU.ActiveCfg = Release|Any CPU
		{5F73CF8B-0373-4EEF-BA0E-488AA5699F86}.Release|Any CPU.Build.0 = Release|Any CPU
	EndGlobalSection
	GlobalSection(SolutionProperties) = preSolution
		HideSolutionNode = FALSE
	EndGlobalSection
	GlobalSection(ExtensibilityGlobals) = postSolution
		SolutionGuid = {AE4F18A8-4FA7-4524-8B42-F055CDEDC3A3}
	EndGlobalSection
EndGlobal
